
Microsoft Visual Studio Solution File, Format Version 12.00
Project("{FAE04EC0-301F-11D3-BF4B-00C04F79EFBC}") = "Discord.Net.ComponentDesigner", "src\Discord.Net.ComponentDesigner\Discord.Net.ComponentDesigner.csproj", "{92D3E48B-039D-48FC-9B85-C5429202D16F}"
EndProject
Project("{FAE04EC0-301F-11D3-BF4B-00C04F79EFBC}") = "ComponentDesigner.Parser", "src\ComponentDesigner.Parser\ComponentDesigner.Parser.csproj", "{8C3767CC-4CC9-42A3-8798-8FF10EDDB7E1}"
EndProject
Project("{FAE04EC0-301F-11D3-BF4B-00C04F79EFBC}") = "Discord.Net.ComponentDesigner.Generator", "src\Discord.Net.ComponentDesigner.Generator\Discord.Net.ComponentDesigner.Generator.csproj", "{E5A1D032-F6EB-4066-80EB-D1E4B80CB11C}"
EndProject
Project("{FAE04EC0-301F-11D3-BF4B-00C04F79EFBC}") = "Discord.Net.ComponentDesigner.LanguageServer", "src\Discord.Net.ComponentDesigner.LanguageServer\Discord.Net.ComponentDesigner.LanguageServer.csproj", "{43290F70-5CED-46E3-AFBE-C7B89E345022}"
EndProject
Project("{FAE04EC0-301F-11D3-BF4B-00C04F79EFBC}") = "Sandbox", "Sandbox\Sandbox.csproj", "{3892EA16-52F8-4120-9E8E-5E29D486F3B3}"
EndProject
Project("{2150E333-8FDC-42A3-9474-1A3956D46DE8}") = "Tests", "Tests", "{96AB69A4-5452-4074-A31B-B467BCC1325C}"
EndProject
Project("{FAE04EC0-301F-11D3-BF4B-00C04F79EFBC}") = "UnitTests", "tests\UnitTests.csproj", "{460851AC-1EFE-43D7-BCF1-396248CFB58D}"
EndProject
Project("{2150E333-8FDC-42A3-9474-1A3956D46DE8}") = "Common", "Common", "{BAF4B1FB-35F5-4024-8911-C17D85994182}"
EndProject
Project("{2150E333-8FDC-42A3-9474-1A3956D46DE8}") = "Implementation", "Implementation", "{C0F7B7F7-0182-4181-B3D3-EC97998D6382}"
EndProject
Project("{FAE04EC0-301F-11D3-BF4B-00C04F79EFBC}") = "ComponentDesigner.Graph", "src\ComponentDesigner.Graph\ComponentDesigner.Graph.csproj", "{B81BF949-AF11-46DA-94D0-F28CAF1007EB}"
EndProject
Project("{FAE04EC0-301F-11D3-BF4B-00C04F79EFBC}") = "ComponentDesigner.Core", "src\ComponentDesigner.Core\ComponentDesigner.Core.csproj", "{19989DFB-4DF9-45DA-9887-C930DEEED441}"
EndProject
Project("{2150E333-8FDC-42A3-9474-1A3956D46DE8}") = "Discord.Net", "Discord.Net", "{2CD05700-CAF2-4686-AA6E-B43B38337FC4}"
EndProject
Project("{FAE04EC0-301F-11D3-BF4B-00C04F79EFBC}") = "ComponentDesigner.CSharp", "src\ComponentDesigner.CSharp\ComponentDesigner.CSharp.csproj", "{7785168F-57D7-4FF8-9E42-2E2C9E0D8583}"
EndProject
Project("{FAE04EC0-301F-11D3-BF4B-00C04F79EFBC}") = "Discord.Net.ComponentDesigner.Renderer", "src\Discord.Net.ComponentDesigner.Renderer\Discord.Net.ComponentDesigner.Renderer.csproj", "{C5B1B427-EB96-47F3-A5A5-A3196BABDBA0}"
EndProject
Global
	GlobalSection(SolutionConfigurationPlatforms) = preSolution
		Debug|Any CPU = Debug|Any CPU
		Release|Any CPU = Release|Any CPU
	EndGlobalSection
	GlobalSection(ProjectConfigurationPlatforms) = postSolution
		{92D3E48B-039D-48FC-9B85-C5429202D16F}.Debug|Any CPU.ActiveCfg = Debug|Any CPU
		{92D3E48B-039D-48FC-9B85-C5429202D16F}.Debug|Any CPU.Build.0 = Debug|Any CPU
		{92D3E48B-039D-48FC-9B85-C5429202D16F}.Release|Any CPU.ActiveCfg = Release|Any CPU
		{92D3E48B-039D-48FC-9B85-C5429202D16F}.Release|Any CPU.Build.0 = Release|Any CPU
		{8C3767CC-4CC9-42A3-8798-8FF10EDDB7E1}.Debug|Any CPU.ActiveCfg = Debug|Any CPU
		{8C3767CC-4CC9-42A3-8798-8FF10EDDB7E1}.Debug|Any CPU.Build.0 = Debug|Any CPU
		{8C3767CC-4CC9-42A3-8798-8FF10EDDB7E1}.Release|Any CPU.ActiveCfg = Release|Any CPU
		{8C3767CC-4CC9-42A3-8798-8FF10EDDB7E1}.Release|Any CPU.Build.0 = Release|Any CPU
		{E5A1D032-F6EB-4066-80EB-D1E4B80CB11C}.Debug|Any CPU.ActiveCfg = Debug|Any CPU
		{E5A1D032-F6EB-4066-80EB-D1E4B80CB11C}.Debug|Any CPU.Build.0 = Debug|Any CPU
		{E5A1D032-F6EB-4066-80EB-D1E4B80CB11C}.Release|Any CPU.ActiveCfg = Release|Any CPU
		{E5A1D032-F6EB-4066-80EB-D1E4B80CB11C}.Release|Any CPU.Build.0 = Release|Any CPU
		{43290F70-5CED-46E3-AFBE-C7B89E345022}.Debug|Any CPU.ActiveCfg = Debug|Any CPU
		{43290F70-5CED-46E3-AFBE-C7B89E345022}.Debug|Any CPU.Build.0 = Debug|Any CPU
		{43290F70-5CED-46E3-AFBE-C7B89E345022}.Release|Any CPU.ActiveCfg = Release|Any CPU
		{43290F70-5CED-46E3-AFBE-C7B89E345022}.Release|Any CPU.Build.0 = Release|Any CPU
		{3892EA16-52F8-4120-9E8E-5E29D486F3B3}.Debug|Any CPU.ActiveCfg = Debug|Any CPU
		{3892EA16-52F8-4120-9E8E-5E29D486F3B3}.Debug|Any CPU.Build.0 = Debug|Any CPU
		{3892EA16-52F8-4120-9E8E-5E29D486F3B3}.Release|Any CPU.ActiveCfg = Release|Any CPU
		{3892EA16-52F8-4120-9E8E-5E29D486F3B3}.Release|Any CPU.Build.0 = Release|Any CPU
		{460851AC-1EFE-43D7-BCF1-396248CFB58D}.Debug|Any CPU.ActiveCfg = Debug|Any CPU
		{460851AC-1EFE-43D7-BCF1-396248CFB58D}.Debug|Any CPU.Build.0 = Debug|Any CPU
		{460851AC-1EFE-43D7-BCF1-396248CFB58D}.Release|Any CPU.ActiveCfg = Release|Any CPU
		{460851AC-1EFE-43D7-BCF1-396248CFB58D}.Release|Any CPU.Build.0 = Release|Any CPU
		{B81BF949-AF11-46DA-94D0-F28CAF1007EB}.Debug|Any CPU.ActiveCfg = Debug|Any CPU
		{B81BF949-AF11-46DA-94D0-F28CAF1007EB}.Debug|Any CPU.Build.0 = Debug|Any CPU
		{B81BF949-AF11-46DA-94D0-F28CAF1007EB}.Release|Any CPU.ActiveCfg = Release|Any CPU
		{B81BF949-AF11-46DA-94D0-F28CAF1007EB}.Release|Any CPU.Build.0 = Release|Any CPU
		{19989DFB-4DF9-45DA-9887-C930DEEED441}.Debug|Any CPU.ActiveCfg = Debug|Any CPU
		{19989DFB-4DF9-45DA-9887-C930DEEED441}.Debug|Any CPU.Build.0 = Debug|Any CPU
		{19989DFB-4DF9-45DA-9887-C930DEEED441}.Release|Any CPU.ActiveCfg = Release|Any CPU
		{19989DFB-4DF9-45DA-9887-C930DEEED441}.Release|Any CPU.Build.0 = Release|Any CPU
		{7785168F-57D7-4FF8-9E42-2E2C9E0D8583}.Debug|Any CPU.ActiveCfg = Debug|Any CPU
		{7785168F-57D7-4FF8-9E42-2E2C9E0D8583}.Debug|Any CPU.Build.0 = Debug|Any CPU
		{7785168F-57D7-4FF8-9E42-2E2C9E0D8583}.Release|Any CPU.ActiveCfg = Release|Any CPU
		{7785168F-57D7-4FF8-9E42-2E2C9E0D8583}.Release|Any CPU.Build.0 = Release|Any CPU
		{C5B1B427-EB96-47F3-A5A5-A3196BABDBA0}.Debug|Any CPU.ActiveCfg = Debug|Any CPU
		{C5B1B427-EB96-47F3-A5A5-A3196BABDBA0}.Debug|Any CPU.Build.0 = Debug|Any CPU
		{C5B1B427-EB96-47F3-A5A5-A3196BABDBA0}.Release|Any CPU.ActiveCfg = Release|Any CPU
		{C5B1B427-EB96-47F3-A5A5-A3196BABDBA0}.Release|Any CPU.Build.0 = Release|Any CPU
	EndGlobalSection
	GlobalSection(NestedProjects) = preSolution
		{460851AC-1EFE-43D7-BCF1-396248CFB58D} = {96AB69A4-5452-4074-A31B-B467BCC1325C}
		{8C3767CC-4CC9-42A3-8798-8FF10EDDB7E1} = {BAF4B1FB-35F5-4024-8911-C17D85994182}
		{19989DFB-4DF9-45DA-9887-C930DEEED441} = {BAF4B1FB-35F5-4024-8911-C17D85994182}
		{B81BF949-AF11-46DA-94D0-F28CAF1007EB} = {BAF4B1FB-35F5-4024-8911-C17D85994182}
		{2CD05700-CAF2-4686-AA6E-B43B38337FC4} = {C0F7B7F7-0182-4181-B3D3-EC97998D6382}
		{92D3E48B-039D-48FC-9B85-C5429202D16F} = {2CD05700-CAF2-4686-AA6E-B43B38337FC4}
		{E5A1D032-F6EB-4066-80EB-D1E4B80CB11C} = {2CD05700-CAF2-4686-AA6E-B43B38337FC4}
		{7785168F-57D7-4FF8-9E42-2E2C9E0D8583} = {C0F7B7F7-0182-4181-B3D3-EC97998D6382}
		{C5B1B427-EB96-47F3-A5A5-A3196BABDBA0} = {2CD05700-CAF2-4686-AA6E-B43B38337FC4}
	EndGlobalSection
EndGlobal
